
Microsoft Visual Studio Solution File, Format Version 12.00
# Visual Studio 15
VisualStudioVersion = 15.0.26730.8
MinimumVisualStudioVersion = 10.0.40219.1
Project("{FAE04EC0-301F-11D3-BF4B-00C04F79EFBC}") = "ConstantTWR", "ConstantTWR\ConstantTWR.csproj", "{D7767047-1814-4A57-AECF-A0BF14487173}"
EndProject
Project("{2150E333-8FDC-42A3-9474-1A3956D46DE8}") = "SolutionItems", "SolutionItems", "{EDF6055E-D92D-4F5F-A0E5-96A6A17A399C}"
	ProjectSection(SolutionItems) = preProject
		buildRelease.bat = buildRelease.bat
		ChangeLog.txt = ChangeLog.txt
		ConstantTWR.version = ConstantTWR.version
		deploy.bat = deploy.bat
		jenkins.txt = jenkins.txt
		LICENSE = LICENSE
		README.md = README.md
	EndProjectSection
EndProject
Global
	GlobalSection(SolutionConfigurationPlatforms) = preSolution
		Debug|Any CPU = Debug|Any CPU
		Release|Any CPU = Release|Any CPU
	EndGlobalSection
	GlobalSection(ProjectConfigurationPlatforms) = postSolution
		{D7767047-1814-4A57-AECF-A0BF14487173}.Debug|Any CPU.ActiveCfg = Debug|Any CPU
		{D7767047-1814-4A57-AECF-A0BF14487173}.Debug|Any CPU.Build.0 = Debug|Any CPU
		{D7767047-1814-4A57-AECF-A0BF14487173}.Release|Any CPU.ActiveCfg = Release|Any CPU
		{D7767047-1814-4A57-AECF-A0BF14487173}.Release|Any CPU.Build.0 = Release|Any CPU
	EndGlobalSection
	GlobalSection(SolutionProperties) = preSolution
		HideSolutionNode = FALSE
	EndGlobalSection
	GlobalSection(ExtensibilityGlobals) = postSolution
		SolutionGuid = {E7DA92FE-F350-4531-B260-E81A2ACA7196}
	EndGlobalSection
EndGlobal
